
Microsoft Visual Studio Solution File, Format Version 12.00
# Visual Studio Version 17
VisualStudioVersion = 17.8.34330.188
MinimumVisualStudioVersion = 10.0.40219.1
Project("{9A19103F-16F7-4668-BE54-9A1E7A4F7556}") = "Ecommerce.Api", "Ecommerce.Api.csproj", "{E0A93171-3114-4B2F-B9C1-9D80FD43D71E}"
EndProject
Project("{9A19103F-16F7-4668-BE54-9A1E7A4F7556}") = "Ecommerce.Infrastructure", "..\Ecommerce.infrastructure\Ecommerce.Infrastructure.csproj", "{1E15BE30-5452-4CEE-BF3B-D019261D1977}"
EndProject
Project("{9A19103F-16F7-4668-BE54-9A1E7A4F7556}") = "Ecommerce.Core", "..\Ecommerce.Core\Ecommerce.Core.csproj", "{5608F97E-17EB-4B89-99FF-CCC7E5B4D6C9}"
EndProject
Project("{FAE04EC0-301F-11D3-BF4B-00C04F79EFBC}") = "Ecommerce.Services", "..\Ecommerce.Sevices\Ecommerce.Services.csproj", "{2ADE0121-3BD7-4727-B261-97ECEAAEDE85}"
EndProject
Global
	GlobalSection(SolutionConfigurationPlatforms) = preSolution
		Debug|Any CPU = Debug|Any CPU
		Release|Any CPU = Release|Any CPU
	EndGlobalSection
	GlobalSection(ProjectConfigurationPlatforms) = postSolution
		{E0A93171-3114-4B2F-B9C1-9D80FD43D71E}.Debug|Any CPU.ActiveCfg = Debug|Any CPU
		{E0A93171-3114-4B2F-B9C1-9D80FD43D71E}.Debug|Any CPU.Build.0 = Debug|Any CPU
		{E0A93171-3114-4B2F-B9C1-9D80FD43D71E}.Release|Any CPU.ActiveCfg = Release|Any CPU
		{E0A93171-3114-4B2F-B9C1-9D80FD43D71E}.Release|Any CPU.Build.0 = Release|Any CPU
		{1E15BE30-5452-4CEE-BF3B-D019261D1977}.Debug|Any CPU.ActiveCfg = Debug|Any CPU
		{1E15BE30-5452-4CEE-BF3B-D019261D1977}.Debug|Any CPU.Build.0 = Debug|Any CPU
		{1E15BE30-5452-4CEE-BF3B-D019261D1977}.Release|Any CPU.ActiveCfg = Release|Any CPU
		{1E15BE30-5452-4CEE-BF3B-D019261D1977}.Release|Any CPU.Build.0 = Release|Any CPU
		{5608F97E-17EB-4B89-99FF-CCC7E5B4D6C9}.Debug|Any CPU.ActiveCfg = Debug|Any CPU
		{5608F97E-17EB-4B89-99FF-CCC7E5B4D6C9}.Debug|Any CPU.Build.0 = Debug|Any CPU
		{5608F97E-17EB-4B89-99FF-CCC7E5B4D6C9}.Release|Any CPU.ActiveCfg = Release|Any CPU
		{5608F97E-17EB-4B89-99FF-CCC7E5B4D6C9}.Release|Any CPU.Build.0 = Release|Any CPU
		{2ADE0121-3BD7-4727-B261-97ECEAAEDE85}.Debug|Any CPU.ActiveCfg = Debug|Any CPU
		{2ADE0121-3BD7-4727-B261-97ECEAAEDE85}.Debug|Any CPU.Build.0 = Debug|Any CPU
		{2ADE0121-3BD7-4727-B261-97ECEAAEDE85}.Release|Any CPU.ActiveCfg = Release|Any CPU
		{2ADE0121-3BD7-4727-B261-97ECEAAEDE85}.Release|Any CPU.Build.0 = Release|Any CPU
	EndGlobalSection
	GlobalSection(SolutionProperties) = preSolution
		HideSolutionNode = FALSE
	EndGlobalSection
	GlobalSection(ExtensibilityGlobals) = postSolution
		SolutionGuid = {7FD86446-D6B8-47ED-9640-B84119AFFE08}
	EndGlobalSection
EndGlobal
